// !$*UTF8*$!
{
	archiveVersion = 1;
	classes = {
	};
	objectVersion = 50;
	objects = {

/* Begin PBXBuildFile section */
		6C1C876B6EA20DDF6CC806FC /* Pods_TechnologyToShare.framework in Frameworks */ = {isa = PBXBuildFile; fileRef = 61BC72E4997430AA7F637C75 /* Pods_TechnologyToShare.framework */; };
		875A6C27210186A30090FD76 /* AppDelegate.m in Sources */ = {isa = PBXBuildFile; fileRef = 875A6C26210186A30090FD76 /* AppDelegate.m */; };
		875A6C2A210186A30090FD76 /* ViewController.m in Sources */ = {isa = PBXBuildFile; fileRef = 875A6C29210186A30090FD76 /* ViewController.m */; };
		875A6C2D210186A30090FD76 /* Main.storyboard in Resources */ = {isa = PBXBuildFile; fileRef = 875A6C2B210186A30090FD76 /* Main.storyboard */; };
		875A6C2F210186A40090FD76 /* Assets.xcassets in Resources */ = {isa = PBXBuildFile; fileRef = 875A6C2E210186A40090FD76 /* Assets.xcassets */; };
		875A6C32210186A40090FD76 /* LaunchScreen.storyboard in Resources */ = {isa = PBXBuildFile; fileRef = 875A6C30210186A40090FD76 /* LaunchScreen.storyboard */; };
		875A6C35210186A40090FD76 /* main.m in Sources */ = {isa = PBXBuildFile; fileRef = 875A6C34210186A40090FD76 /* main.m */; };
		875A6C4021018F000090FD76 /* BaseTabBarViewController.m in Sources */ = {isa = PBXBuildFile; fileRef = 875A6C3F21018F000090FD76 /* BaseTabBarViewController.m */; };
		875A6C4321018F0C0090FD76 /* BaseViewController.m in Sources */ = {isa = PBXBuildFile; fileRef = 875A6C4221018F0C0090FD76 /* BaseViewController.m */; };
		875A6C60210190CF0090FD76 /* FirstViewController.m in Sources */ = {isa = PBXBuildFile; fileRef = 875A6C5F210190CF0090FD76 /* FirstViewController.m */; };
		875A6C63210190D70090FD76 /* SecondViewController.m in Sources */ = {isa = PBXBuildFile; fileRef = 875A6C62210190D70090FD76 /* SecondViewController.m */; };
		875A6C66210190DF0090FD76 /* ThirdViewController.m in Sources */ = {isa = PBXBuildFile; fileRef = 875A6C65210190DF0090FD76 /* ThirdViewController.m */; };
		875A6C69210190E80090FD76 /* FourthViewController.m in Sources */ = {isa = PBXBuildFile; fileRef = 875A6C68210190E80090FD76 /* FourthViewController.m */; };
		875A6C6C210190F10090FD76 /* FifthViewController.m in Sources */ = {isa = PBXBuildFile; fileRef = 875A6C6B210190F10090FD76 /* FifthViewController.m */; };
		875A6C6F2101933D0090FD76 /* BaseTabBar.m in Sources */ = {isa = PBXBuildFile; fileRef = 875A6C6E2101933D0090FD76 /* BaseTabBar.m */; };
		875A6C7A210195600090FD76 /* ValidateString.m in Sources */ = {isa = PBXBuildFile; fileRef = 875A6C782101955F0090FD76 /* ValidateString.m */; };
		875A6C80210195A20090FD76 /* UtilView.m in Sources */ = {isa = PBXBuildFile; fileRef = 875A6C7D210195A20090FD76 /* UtilView.m */; };
		875A6C81210195A20090FD76 /* UtilAutoView.m in Sources */ = {isa = PBXBuildFile; fileRef = 875A6C7F210195A20090FD76 /* UtilAutoView.m */; };
		875A6C872101B3D80090FD76 /* TapImageView.m in Sources */ = {isa = PBXBuildFile; fileRef = 875A6C832101B3D80090FD76 /* TapImageView.m */; };
		875A6C882101B3D80090FD76 /* PromtTapImageView.m in Sources */ = {isa = PBXBuildFile; fileRef = 875A6C842101B3D80090FD76 /* PromtTapImageView.m */; };
		877994AC2105736E00B3A687 /* Static.m in Sources */ = {isa = PBXBuildFile; fileRef = 8779949C2105736D00B3A687 /* Static.m */; };
		877994AD2105736E00B3A687 /* UIImage+Color.m in Sources */ = {isa = PBXBuildFile; fileRef = 8779949D2105736D00B3A687 /* UIImage+Color.m */; };
		877994AE2105736E00B3A687 /* UIColor+Hex.m in Sources */ = {isa = PBXBuildFile; fileRef = 877994A42105736E00B3A687 /* UIColor+Hex.m */; };
		877994AF2105736E00B3A687 /* NSDictionary+Unicode.m in Sources */ = {isa = PBXBuildFile; fileRef = 877994A72105736E00B3A687 /* NSDictionary+Unicode.m */; };
		877994B02105736E00B3A687 /* UIButton+Layout.m in Sources */ = {isa = PBXBuildFile; fileRef = 877994A82105736E00B3A687 /* UIButton+Layout.m */; };
		877994B12105736E00B3A687 /* DTStatic.m in Sources */ = {isa = PBXBuildFile; fileRef = 877994A92105736E00B3A687 /* DTStatic.m */; };
		877994B22105736E00B3A687 /* UITextView+Placeholder.m in Sources */ = {isa = PBXBuildFile; fileRef = 877994AA2105736E00B3A687 /* UITextView+Placeholder.m */; };
		877994B32105736E00B3A687 /* UIBarButtonItem+Badge.m in Sources */ = {isa = PBXBuildFile; fileRef = 877994AB2105736E00B3A687 /* UIBarButtonItem+Badge.m */; };
		877994B52105742200B3A687 /* CoreLocation.framework in Frameworks */ = {isa = PBXBuildFile; fileRef = 877994B42105742100B3A687 /* CoreLocation.framework */; };
		877994B8210581BE00B3A687 /* FirstSearchViewController.m in Sources */ = {isa = PBXBuildFile; fileRef = 877994B7210581BE00B3A687 /* FirstSearchViewController.m */; };
		877994BB21058B4700B3A687 /* FirstTableViewCell.m in Sources */ = {isa = PBXBuildFile; fileRef = 877994BA21058B4700B3A687 /* FirstTableViewCell.m */; };
		877994BE2105BE4800B3A687 /* FirstContentViewController.m in Sources */ = {isa = PBXBuildFile; fileRef = 877994BD2105BE4800B3A687 /* FirstContentViewController.m */; };
		877994C12105BF0B00B3A687 /* FirstContentShowViewController.m in Sources */ = {isa = PBXBuildFile; fileRef = 877994C02105BF0B00B3A687 /* FirstContentShowViewController.m */; };
/* End PBXBuildFile section */

/* Begin PBXFileReference section */
		472D44C974BCB9318973E986 /* Pods-TechnologyToShare.release.xcconfig */ = {isa = PBXFileReference; includeInIndex = 1; lastKnownFileType = text.xcconfig; name = "Pods-TechnologyToShare.release.xcconfig"; path = "Pods/Target Support Files/Pods-TechnologyToShare/Pods-TechnologyToShare.release.xcconfig"; sourceTree = "<group>"; };
		5877D35B3847291BBAAA5320 /* Pods-TechnologyToShare.debug.xcconfig */ = {isa = PBXFileReference; includeInIndex = 1; lastKnownFileType = text.xcconfig; name = "Pods-TechnologyToShare.debug.xcconfig"; path = "Pods/Target Support Files/Pods-TechnologyToShare/Pods-TechnologyToShare.debug.xcconfig"; sourceTree = "<group>"; };
		61BC72E4997430AA7F637C75 /* Pods_TechnologyToShare.framework */ = {isa = PBXFileReference; explicitFileType = wrapper.framework; includeInIndex = 0; path = Pods_TechnologyToShare.framework; sourceTree = BUILT_PRODUCTS_DIR; };
		875A6C22210186A30090FD76 /* TechnologyToShare.app */ = {isa = PBXFileReference; explicitFileType = wrapper.application; includeInIndex = 0; path = TechnologyToShare.app; sourceTree = BUILT_PRODUCTS_DIR; };
		875A6C25210186A30090FD76 /* AppDelegate.h */ = {isa = PBXFileReference; lastKnownFileType = sourcecode.c.h; path = AppDelegate.h; sourceTree = "<group>"; };
		875A6C26210186A30090FD76 /* AppDelegate.m */ = {isa = PBXFileReference; lastKnownFileType = sourcecode.c.objc; path = AppDelegate.m; sourceTree = "<group>"; };
		875A6C28210186A30090FD76 /* ViewController.h */ = {isa = PBXFileReference; lastKnownFileType = sourcecode.c.h; path = ViewController.h; sourceTree = "<group>"; };
		875A6C29210186A30090FD76 /* ViewController.m */ = {isa = PBXFileReference; lastKnownFileType = sourcecode.c.objc; path = ViewController.m; sourceTree = "<group>"; };
		875A6C2C210186A30090FD76 /* Base */ = {isa = PBXFileReference; lastKnownFileType = file.storyboard; name = Base; path = Base.lproj/Main.storyboard; sourceTree = "<group>"; };
		875A6C2E210186A40090FD76 /* Assets.xcassets */ = {isa = PBXFileReference; lastKnownFileType = folder.assetcatalog; path = Assets.xcassets; sourceTree = "<group>"; };
		875A6C31210186A40090FD76 /* Base */ = {isa = PBXFileReference; lastKnownFileType = file.storyboard; name = Base; path = Base.lproj/LaunchScreen.storyboard; sourceTree = "<group>"; };
		875A6C33210186A40090FD76 /* Info.plist */ = {isa = PBXFileReference; lastKnownFileType = text.plist.xml; path = Info.plist; sourceTree = "<group>"; };
		875A6C34210186A40090FD76 /* main.m */ = {isa = PBXFileReference; lastKnownFileType = sourcecode.c.objc; path = main.m; sourceTree = "<group>"; };
		875A6C3E21018F000090FD76 /* BaseTabBarViewController.h */ = {isa = PBXFileReference; lastKnownFileType = sourcecode.c.h; path = BaseTabBarViewController.h; sourceTree = "<group>"; };
		875A6C3F21018F000090FD76 /* BaseTabBarViewController.m */ = {isa = PBXFileReference; lastKnownFileType = sourcecode.c.objc; path = BaseTabBarViewController.m; sourceTree = "<group>"; };
		875A6C4121018F0C0090FD76 /* BaseViewController.h */ = {isa = PBXFileReference; lastKnownFileType = sourcecode.c.h; path = BaseViewController.h; sourceTree = "<group>"; };
		875A6C4221018F0C0090FD76 /* BaseViewController.m */ = {isa = PBXFileReference; lastKnownFileType = sourcecode.c.objc; path = BaseViewController.m; sourceTree = "<group>"; };
		875A6C5E210190CF0090FD76 /* FirstViewController.h */ = {isa = PBXFileReference; lastKnownFileType = sourcecode.c.h; path = FirstViewController.h; sourceTree = "<group>"; };
		875A6C5F210190CF0090FD76 /* FirstViewController.m */ = {isa = PBXFileReference; lastKnownFileType = sourcecode.c.objc; path = FirstViewController.m; sourceTree = "<group>"; };
		875A6C61210190D70090FD76 /* SecondViewController.h */ = {isa = PBXFileReference; lastKnownFileType = sourcecode.c.h; path = SecondViewController.h; sourceTree = "<group>"; };
		875A6C62210190D70090FD76 /* SecondViewController.m */ = {isa = PBXFileReference; lastKnownFileType = sourcecode.c.objc; path = SecondViewController.m; sourceTree = "<group>"; };
		875A6C64210190DF0090FD76 /* ThirdViewController.h */ = {isa = PBXFileReference; lastKnownFileType = sourcecode.c.h; path = ThirdViewController.h; sourceTree = "<group>"; };
		875A6C65210190DF0090FD76 /* ThirdViewController.m */ = {isa = PBXFileReference; lastKnownFileType = sourcecode.c.objc; path = ThirdViewController.m; sourceTree = "<group>"; };
		875A6C67210190E80090FD76 /* FourthViewController.h */ = {isa = PBXFileReference; lastKnownFileType = sourcecode.c.h; path = FourthViewController.h; sourceTree = "<group>"; };
		875A6C68210190E80090FD76 /* FourthViewController.m */ = {isa = PBXFileReference; lastKnownFileType = sourcecode.c.objc; path = FourthViewController.m; sourceTree = "<group>"; };
		875A6C6A210190F10090FD76 /* FifthViewController.h */ = {isa = PBXFileReference; lastKnownFileType = sourcecode.c.h; path = FifthViewController.h; sourceTree = "<group>"; };
		875A6C6B210190F10090FD76 /* FifthViewController.m */ = {isa = PBXFileReference; lastKnownFileType = sourcecode.c.objc; path = FifthViewController.m; sourceTree = "<group>"; };
		875A6C6D2101933C0090FD76 /* BaseTabBar.h */ = {isa = PBXFileReference; fileEncoding = 4; lastKnownFileType = sourcecode.c.h; path = BaseTabBar.h; sourceTree = "<group>"; };
		875A6C6E2101933D0090FD76 /* BaseTabBar.m */ = {isa = PBXFileReference; fileEncoding = 4; lastKnownFileType = sourcecode.c.objc; path = BaseTabBar.m; sourceTree = "<group>"; };
		875A6C70210193940090FD76 /* TTSPrefixHeader.pch */ = {isa = PBXFileReference; lastKnownFileType = sourcecode.c.h; path = TTSPrefixHeader.pch; sourceTree = "<group>"; };
		875A6C71210193E10090FD76 /* Color_header.h */ = {isa = PBXFileReference; lastKnownFileType = sourcecode.c.h; path = Color_header.h; sourceTree = "<group>"; };
		875A6C72210193F00090FD76 /* Define_header.h */ = {isa = PBXFileReference; lastKnownFileType = sourcecode.c.h; path = Define_header.h; sourceTree = "<group>"; };
		875A6C73210193FA0090FD76 /* Url_header.h */ = {isa = PBXFileReference; lastKnownFileType = sourcecode.c.h; path = Url_header.h; sourceTree = "<group>"; };
		875A6C782101955F0090FD76 /* ValidateString.m */ = {isa = PBXFileReference; fileEncoding = 4; lastKnownFileType = sourcecode.c.objc; path = ValidateString.m; sourceTree = "<group>"; };
		875A6C792101955F0090FD76 /* ValidateString.h */ = {isa = PBXFileReference; fileEncoding = 4; lastKnownFileType = sourcecode.c.h; path = ValidateString.h; sourceTree = "<group>"; };
		875A6C7C210195A20090FD76 /* UtilAutoView.h */ = {isa = PBXFileReference; fileEncoding = 4; lastKnownFileType = sourcecode.c.h; path = UtilAutoView.h; sourceTree = "<group>"; };
		875A6C7D210195A20090FD76 /* UtilView.m */ = {isa = PBXFileReference; fileEncoding = 4; lastKnownFileType = sourcecode.c.objc; path = UtilView.m; sourceTree = "<group>"; };
		875A6C7E210195A20090FD76 /* UtilView.h */ = {isa = PBXFileReference; fileEncoding = 4; lastKnownFileType = sourcecode.c.h; path = UtilView.h; sourceTree = "<group>"; };
		875A6C7F210195A20090FD76 /* UtilAutoView.m */ = {isa = PBXFileReference; fileEncoding = 4; lastKnownFileType = sourcecode.c.objc; path = UtilAutoView.m; sourceTree = "<group>"; };
		875A6C832101B3D80090FD76 /* TapImageView.m */ = {isa = PBXFileReference; fileEncoding = 4; lastKnownFileType = sourcecode.c.objc; path = TapImageView.m; sourceTree = "<group>"; };
		875A6C842101B3D80090FD76 /* PromtTapImageView.m */ = {isa = PBXFileReference; fileEncoding = 4; lastKnownFileType = sourcecode.c.objc; path = PromtTapImageView.m; sourceTree = "<group>"; };
		875A6C852101B3D80090FD76 /* PromtTapImageView.h */ = {isa = PBXFileReference; fileEncoding = 4; lastKnownFileType = sourcecode.c.h; path = PromtTapImageView.h; sourceTree = "<group>"; };
		875A6C862101B3D80090FD76 /* TapImageView.h */ = {isa = PBXFileReference; fileEncoding = 4; lastKnownFileType = sourcecode.c.h; path = TapImageView.h; sourceTree = "<group>"; };
		8779949C2105736D00B3A687 /* Static.m */ = {isa = PBXFileReference; fileEncoding = 4; lastKnownFileType = sourcecode.c.objc; path = Static.m; sourceTree = "<group>"; };
		8779949D2105736D00B3A687 /* UIImage+Color.m */ = {isa = PBXFileReference; fileEncoding = 4; lastKnownFileType = sourcecode.c.objc; path = "UIImage+Color.m"; sourceTree = "<group>"; };
		8779949E2105736D00B3A687 /* DTStatic.h */ = {isa = PBXFileReference; fileEncoding = 4; lastKnownFileType = sourcecode.c.h; path = DTStatic.h; sourceTree = "<group>"; };
		8779949F2105736D00B3A687 /* UIBarButtonItem+Badge.h */ = {isa = PBXFileReference; fileEncoding = 4; lastKnownFileType = sourcecode.c.h; path = "UIBarButtonItem+Badge.h"; sourceTree = "<group>"; };
		877994A02105736D00B3A687 /* UITextView+Placeholder.h */ = {isa = PBXFileReference; fileEncoding = 4; lastKnownFileType = sourcecode.c.h; path = "UITextView+Placeholder.h"; sourceTree = "<group>"; };
		877994A12105736D00B3A687 /* UIButton+Layout.h */ = {isa = PBXFileReference; fileEncoding = 4; lastKnownFileType = sourcecode.c.h; path = "UIButton+Layout.h"; sourceTree = "<group>"; };
		877994A22105736D00B3A687 /* UIImage+Color.h */ = {isa = PBXFileReference; fileEncoding = 4; lastKnownFileType = sourcecode.c.h; path = "UIImage+Color.h"; sourceTree = "<group>"; };
		877994A32105736E00B3A687 /* Static.h */ = {isa = PBXFileReference; fileEncoding = 4; lastKnownFileType = sourcecode.c.h; path = Static.h; sourceTree = "<group>"; };
		877994A42105736E00B3A687 /* UIColor+Hex.m */ = {isa = PBXFileReference; fileEncoding = 4; lastKnownFileType = sourcecode.c.objc; path = "UIColor+Hex.m"; sourceTree = "<group>"; };
		877994A52105736E00B3A687 /* NSDictionary+Unicode.h */ = {isa = PBXFileReference; fileEncoding = 4; lastKnownFileType = sourcecode.c.h; path = "NSDictionary+Unicode.h"; sourceTree = "<group>"; };
		877994A62105736E00B3A687 /* UIColor+Hex.h */ = {isa = PBXFileReference; fileEncoding = 4; lastKnownFileType = sourcecode.c.h; path = "UIColor+Hex.h"; sourceTree = "<group>"; };
		877994A72105736E00B3A687 /* NSDictionary+Unicode.m */ = {isa = PBXFileReference; fileEncoding = 4; lastKnownFileType = sourcecode.c.objc; path = "NSDictionary+Unicode.m"; sourceTree = "<group>"; };
		877994A82105736E00B3A687 /* UIButton+Layout.m */ = {isa = PBXFileReference; fileEncoding = 4; lastKnownFileType = sourcecode.c.objc; path = "UIButton+Layout.m"; sourceTree = "<group>"; };
		877994A92105736E00B3A687 /* DTStatic.m */ = {isa = PBXFileReference; fileEncoding = 4; lastKnownFileType = sourcecode.c.objc; path = DTStatic.m; sourceTree = "<group>"; };
		877994AA2105736E00B3A687 /* UITextView+Placeholder.m */ = {isa = PBXFileReference; fileEncoding = 4; lastKnownFileType = sourcecode.c.objc; path = "UITextView+Placeholder.m"; sourceTree = "<group>"; };
		877994AB2105736E00B3A687 /* UIBarButtonItem+Badge.m */ = {isa = PBXFileReference; fileEncoding = 4; lastKnownFileType = sourcecode.c.objc; path = "UIBarButtonItem+Badge.m"; sourceTree = "<group>"; };
		877994B42105742100B3A687 /* CoreLocation.framework */ = {isa = PBXFileReference; lastKnownFileType = wrapper.framework; name = CoreLocation.framework; path = System/Library/Frameworks/CoreLocation.framework; sourceTree = SDKROOT; };
		877994B6210581BE00B3A687 /* FirstSearchViewController.h */ = {isa = PBXFileReference; lastKnownFileType = sourcecode.c.h; path = FirstSearchViewController.h; sourceTree = "<group>"; };
		877994B7210581BE00B3A687 /* FirstSearchViewController.m */ = {isa = PBXFileReference; lastKnownFileType = sourcecode.c.objc; path = FirstSearchViewController.m; sourceTree = "<group>"; };
		877994B921058B4700B3A687 /* FirstTableViewCell.h */ = {isa = PBXFileReference; lastKnownFileType = sourcecode.c.h; path = FirstTableViewCell.h; sourceTree = "<group>"; };
		877994BA21058B4700B3A687 /* FirstTableViewCell.m */ = {isa = PBXFileReference; lastKnownFileType = sourcecode.c.objc; path = FirstTableViewCell.m; sourceTree = "<group>"; };
		877994BC2105BE4800B3A687 /* FirstContentViewController.h */ = {isa = PBXFileReference; lastKnownFileType = sourcecode.c.h; path = FirstContentViewController.h; sourceTree = "<group>"; };
		877994BD2105BE4800B3A687 /* FirstContentViewController.m */ = {isa = PBXFileReference; lastKnownFileType = sourcecode.c.objc; path = FirstContentViewController.m; sourceTree = "<group>"; };
		877994BF2105BF0B00B3A687 /* FirstContentShowViewController.h */ = {isa = PBXFileReference; lastKnownFileType = sourcecode.c.h; path = FirstContentShowViewController.h; sourceTree = "<group>"; };
		877994C02105BF0B00B3A687 /* FirstContentShowViewController.m */ = {isa = PBXFileReference; lastKnownFileType = sourcecode.c.objc; path = FirstContentShowViewController.m; sourceTree = "<group>"; };
/* End PBXFileReference section */

/* Begin PBXFrameworksBuildPhase section */
		875A6C1F210186A30090FD76 /* Frameworks */ = {
			isa = PBXFrameworksBuildPhase;
			buildActionMask = 2147483647;
			files = (
				877994B52105742200B3A687 /* CoreLocation.framework in Frameworks */,
				6C1C876B6EA20DDF6CC806FC /* Pods_TechnologyToShare.framework in Frameworks */,
			);
			runOnlyForDeploymentPostprocessing = 0;
		};
/* End PBXFrameworksBuildPhase section */

/* Begin PBXGroup section */
		1729D850EA0C30153C974EBA /* Frameworks */ = {
			isa = PBXGroup;
			children = (
				877994B42105742100B3A687 /* CoreLocation.framework */,
				61BC72E4997430AA7F637C75 /* Pods_TechnologyToShare.framework */,
			);
			name = Frameworks;
			sourceTree = "<group>";
		};
		875A6C19210186A30090FD76 = {
			isa = PBXGroup;
			children = (
				875A6C24210186A30090FD76 /* TechnologyToShare */,
				875A6C23210186A30090FD76 /* Products */,
				9976DD393F554628EBEBCA36 /* Pods */,
				1729D850EA0C30153C974EBA /* Frameworks */,
			);
			sourceTree = "<group>";
		};
		875A6C23210186A30090FD76 /* Products */ = {
			isa = PBXGroup;
			children = (
				875A6C22210186A30090FD76 /* TechnologyToShare.app */,
			);
			name = Products;
			sourceTree = "<group>";
		};
		875A6C24210186A30090FD76 /* TechnologyToShare */ = {
			isa = PBXGroup;
			children = (
				875A6C74210195220090FD76 /* Common */,
				875A6C3C21018EDE0090FD76 /* Main */,
				875A6C3B21018E6E0090FD76 /* Other */,
				875A6C2B210186A30090FD76 /* Main.storyboard */,
				875A6C2E210186A40090FD76 /* Assets.xcassets */,
				875A6C30210186A40090FD76 /* LaunchScreen.storyboard */,
				875A6C33210186A40090FD76 /* Info.plist */,
				875A6C34210186A40090FD76 /* main.m */,
			);
			path = TechnologyToShare;
			sourceTree = "<group>";
		};
		875A6C3B21018E6E0090FD76 /* Other */ = {
			isa = PBXGroup;
			children = (
				875A6C25210186A30090FD76 /* AppDelegate.h */,
				875A6C26210186A30090FD76 /* AppDelegate.m */,
				875A6C28210186A30090FD76 /* ViewController.h */,
				875A6C29210186A30090FD76 /* ViewController.m */,
				875A6C70210193940090FD76 /* TTSPrefixHeader.pch */,
				875A6C71210193E10090FD76 /* Color_header.h */,
				875A6C72210193F00090FD76 /* Define_header.h */,
				875A6C73210193FA0090FD76 /* Url_header.h */,
			);
			path = Other;
			sourceTree = "<group>";
		};
		875A6C3C21018EDE0090FD76 /* Main */ = {
			isa = PBXGroup;
			children = (
				875A6C4421018F7B0090FD76 /* FirstPage */,
				875A6C4521018F820090FD76 /* SecondPage */,
				875A6C4621018F880090FD76 /* ThirdPage */,
				875A6C4721018F990090FD76 /* FourthPage */,
				875A6C4821018FB30090FD76 /* FifthPage */,
				875A6C3D21018EEB0090FD76 /* BaseView */,
			);
			path = Main;
			sourceTree = "<group>";
		};
		875A6C3D21018EEB0090FD76 /* BaseView */ = {
			isa = PBXGroup;
			children = (
				875A6C6D2101933C0090FD76 /* BaseTabBar.h */,
				875A6C6E2101933D0090FD76 /* BaseTabBar.m */,
				875A6C3E21018F000090FD76 /* BaseTabBarViewController.h */,
				875A6C3F21018F000090FD76 /* BaseTabBarViewController.m */,
				875A6C4121018F0C0090FD76 /* BaseViewController.h */,
				875A6C4221018F0C0090FD76 /* BaseViewController.m */,
			);
			path = BaseView;
			sourceTree = "<group>";
		};
		875A6C4421018F7B0090FD76 /* FirstPage */ = {
			isa = PBXGroup;
			children = (
				875A6C4D210190020090FD76 /* Model */,
				875A6C4C21018FFB0090FD76 /* View */,
				875A6C4921018FD30090FD76 /* ViewController */,
			);
			path = FirstPage;
			sourceTree = "<group>";
		};
		875A6C4521018F820090FD76 /* SecondPage */ = {
			isa = PBXGroup;
			children = (
				875A6C54210190920090FD76 /* Model */,
				875A6C532101908F0090FD76 /* View */,
				875A6C52210190860090FD76 /* ViewController */,
			);
			path = SecondPage;
			sourceTree = "<group>";
		};
		875A6C4621018F880090FD76 /* ThirdPage */ = {
			isa = PBXGroup;
			children = (
				875A6C57210190A20090FD76 /* Model */,
				875A6C562101909E0090FD76 /* View */,
				875A6C55210190980090FD76 /* ViewController */,
			);
			path = ThirdPage;
			sourceTree = "<group>";
		};
		875A6C4721018F990090FD76 /* FourthPage */ = {
			isa = PBXGroup;
			children = (
				875A6C5A210190B00090FD76 /* Model */,
				875A6C59210190AC0090FD76 /* View */,
				875A6C58210190A70090FD76 /* ViewController */,
			);
			path = FourthPage;
			sourceTree = "<group>";
		};
		875A6C4821018FB30090FD76 /* FifthPage */ = {
			isa = PBXGroup;
			children = (
				875A6C5D210190BF0090FD76 /* Model */,
				875A6C5C210190BB0090FD76 /* View */,
				875A6C5B210190B60090FD76 /* ViewController */,
			);
			path = FifthPage;
			sourceTree = "<group>";
		};
		875A6C4921018FD30090FD76 /* ViewController */ = {
			isa = PBXGroup;
			children = (
				875A6C5E210190CF0090FD76 /* FirstViewController.h */,
				875A6C5F210190CF0090FD76 /* FirstViewController.m */,
				877994B6210581BE00B3A687 /* FirstSearchViewController.h */,
				877994B7210581BE00B3A687 /* FirstSearchViewController.m */,
				877994BC2105BE4800B3A687 /* FirstContentViewController.h */,
				877994BD2105BE4800B3A687 /* FirstContentViewController.m */,
				877994BF2105BF0B00B3A687 /* FirstContentShowViewController.h */,
				877994C02105BF0B00B3A687 /* FirstContentShowViewController.m */,
			);
			name = ViewController;
			sourceTree = "<group>";
		};
		875A6C4C21018FFB0090FD76 /* View */ = {
			isa = PBXGroup;
			children = (
				877994B921058B4700B3A687 /* FirstTableViewCell.h */,
				877994BA21058B4700B3A687 /* FirstTableViewCell.m */,
			);
			name = View;
			sourceTree = "<group>";
		};
		875A6C4D210190020090FD76 /* Model */ = {
			isa = PBXGroup;
			children = (
			);
			name = Model;
			sourceTree = "<group>";
		};
		875A6C52210190860090FD76 /* ViewController */ = {
			isa = PBXGroup;
			children = (
				875A6C61210190D70090FD76 /* SecondViewController.h */,
				875A6C62210190D70090FD76 /* SecondViewController.m */,
			);
			path = ViewController;
			sourceTree = "<group>";
		};
		875A6C532101908F0090FD76 /* View */ = {
			isa = PBXGroup;
			children = (
			);
			path = View;
			sourceTree = "<group>";
		};
		875A6C54210190920090FD76 /* Model */ = {
			isa = PBXGroup;
			children = (
			);
			path = Model;
			sourceTree = "<group>";
		};
		875A6C55210190980090FD76 /* ViewController */ = {
			isa = PBXGroup;
			children = (
				875A6C64210190DF0090FD76 /* ThirdViewController.h */,
				875A6C65210190DF0090FD76 /* ThirdViewController.m */,
			);
			path = ViewController;
			sourceTree = "<group>";
		};
		875A6C562101909E0090FD76 /* View */ = {
			isa = PBXGroup;
			children = (
			);
			path = View;
			sourceTree = "<group>";
		};
		875A6C57210190A20090FD76 /* Model */ = {
			isa = PBXGroup;
			children = (
			);
			path = Model;
			sourceTree = "<group>";
		};
		875A6C58210190A70090FD76 /* ViewController */ = {
			isa = PBXGroup;
			children = (
				875A6C67210190E80090FD76 /* FourthViewController.h */,
				875A6C68210190E80090FD76 /* FourthViewController.m */,
			);
			path = ViewController;
			sourceTree = "<group>";
		};
		875A6C59210190AC0090FD76 /* View */ = {
			isa = PBXGroup;
			children = (
			);
			path = View;
			sourceTree = "<group>";
		};
		875A6C5A210190B00090FD76 /* Model */ = {
			isa = PBXGroup;
			children = (
			);
			path = Model;
			sourceTree = "<group>";
		};
		875A6C5B210190B60090FD76 /* ViewController */ = {
			isa = PBXGroup;
			children = (
				875A6C6A210190F10090FD76 /* FifthViewController.h */,
				875A6C6B210190F10090FD76 /* FifthViewController.m */,
			);
			path = ViewController;
			sourceTree = "<group>";
		};
		875A6C5C210190BB0090FD76 /* View */ = {
			isa = PBXGroup;
			children = (
			);
			path = View;
			sourceTree = "<group>";
		};
		875A6C5D210190BF0090FD76 /* Model */ = {
			isa = PBXGroup;
			children = (
			);
			path = Model;
			sourceTree = "<group>";
		};
		875A6C74210195220090FD76 /* Common */ = {
			isa = PBXGroup;
			children = (
				875A6C77210195430090FD76 /* ThirdLibre */,
				875A6C762101952E0090FD76 /* FrameWork */,
				875A6C75210195290090FD76 /* Util */,
			);
			path = Common;
			sourceTree = "<group>";
		};
		875A6C75210195290090FD76 /* Util */ = {
			isa = PBXGroup;
			children = (
				875A6C822101B3D80090FD76 /* TapImageView */,
				875A6C7B210195A20090FD76 /* UtilView */,
				875A6C792101955F0090FD76 /* ValidateString.h */,
				875A6C782101955F0090FD76 /* ValidateString.m */,
			);
			path = Util;
			sourceTree = "<group>";
		};
		875A6C762101952E0090FD76 /* FrameWork */ = {
			isa = PBXGroup;
			children = (
			);
			path = FrameWork;
			sourceTree = "<group>";
		};
		875A6C77210195430090FD76 /* ThirdLibre */ = {
			isa = PBXGroup;
			children = (
				8779949B210572D700B3A687 /* CategoryNew */,
			);
			path = ThirdLibre;
			sourceTree = "<group>";
		};
		875A6C7B210195A20090FD76 /* UtilView */ = {
			isa = PBXGroup;
			children = (
				875A6C7C210195A20090FD76 /* UtilAutoView.h */,
				875A6C7D210195A20090FD76 /* UtilView.m */,
				875A6C7E210195A20090FD76 /* UtilView.h */,
				875A6C7F210195A20090FD76 /* UtilAutoView.m */,
			);
			path = UtilView;
			sourceTree = "<group>";
		};
		875A6C822101B3D80090FD76 /* TapImageView */ = {
			isa = PBXGroup;
			children = (
				875A6C832101B3D80090FD76 /* TapImageView.m */,
				875A6C842101B3D80090FD76 /* PromtTapImageView.m */,
				875A6C852101B3D80090FD76 /* PromtTapImageView.h */,
				875A6C862101B3D80090FD76 /* TapImageView.h */,
			);
			path = TapImageView;
			sourceTree = "<group>";
		};
		8779949B210572D700B3A687 /* CategoryNew */ = {
			isa = PBXGroup;
			children = (
				8779949E2105736D00B3A687 /* DTStatic.h */,
				877994A92105736E00B3A687 /* DTStatic.m */,
				877994A52105736E00B3A687 /* NSDictionary+Unicode.h */,
				877994A72105736E00B3A687 /* NSDictionary+Unicode.m */,
				877994A32105736E00B3A687 /* Static.h */,
				8779949C2105736D00B3A687 /* Static.m */,
				8779949F2105736D00B3A687 /* UIBarButtonItem+Badge.h */,
				877994AB2105736E00B3A687 /* UIBarButtonItem+Badge.m */,
				877994A12105736D00B3A687 /* UIButton+Layout.h */,
				877994A82105736E00B3A687 /* UIButton+Layout.m */,
				877994A62105736E00B3A687 /* UIColor+Hex.h */,
				877994A42105736E00B3A687 /* UIColor+Hex.m */,
				877994A22105736D00B3A687 /* UIImage+Color.h */,
				8779949D2105736D00B3A687 /* UIImage+Color.m */,
				877994A02105736D00B3A687 /* UITextView+Placeholder.h */,
				877994AA2105736E00B3A687 /* UITextView+Placeholder.m */,
			);
			path = CategoryNew;
			sourceTree = "<group>";
		};
		9976DD393F554628EBEBCA36 /* Pods */ = {
			isa = PBXGroup;
			children = (
				5877D35B3847291BBAAA5320 /* Pods-TechnologyToShare.debug.xcconfig */,
				472D44C974BCB9318973E986 /* Pods-TechnologyToShare.release.xcconfig */,
			);
			name = Pods;
			sourceTree = "<group>";
		};
/* End PBXGroup section */

/* Begin PBXNativeTarget section */
		875A6C21210186A30090FD76 /* TechnologyToShare */ = {
			isa = PBXNativeTarget;
			buildConfigurationList = 875A6C38210186A40090FD76 /* Build configuration list for PBXNativeTarget "TechnologyToShare" */;
			buildPhases = (
				96FB24D94D4C26A1D14A5819 /* [CP] Check Pods Manifest.lock */,
				875A6C1E210186A30090FD76 /* Sources */,
				875A6C1F210186A30090FD76 /* Frameworks */,
				875A6C20210186A30090FD76 /* Resources */,
				569248383951488FFEF17D7D /* [CP] Embed Pods Frameworks */,
			);
			buildRules = (
			);
			dependencies = (
			);
			name = TechnologyToShare;
			productName = TechnologyToShare;
			productReference = 875A6C22210186A30090FD76 /* TechnologyToShare.app */;
			productType = "com.apple.product-type.application";
		};
/* End PBXNativeTarget section */

/* Begin PBXProject section */
		875A6C1A210186A30090FD76 /* Project object */ = {
			isa = PBXProject;
			attributes = {
				LastUpgradeCheck = 0940;
				ORGANIZATIONNAME = dordly;
				TargetAttributes = {
					875A6C21210186A30090FD76 = {
						CreatedOnToolsVersion = 9.4.1;
					};
				};
			};
			buildConfigurationList = 875A6C1D210186A30090FD76 /* Build configuration list for PBXProject "TechnologyToShare" */;
			compatibilityVersion = "Xcode 9.3";
			developmentRegion = en;
			hasScannedForEncodings = 0;
			knownRegions = (
				en,
				Base,
			);
			mainGroup = 875A6C19210186A30090FD76;
			productRefGroup = 875A6C23210186A30090FD76 /* Products */;
			projectDirPath = "";
			projectRoot = "";
			targets = (
				875A6C21210186A30090FD76 /* TechnologyToShare */,
			);
		};
/* End PBXProject section */

/* Begin PBXResourcesBuildPhase section */
		875A6C20210186A30090FD76 /* Resources */ = {
			isa = PBXResourcesBuildPhase;
			buildActionMask = 2147483647;
			files = (
				875A6C32210186A40090FD76 /* LaunchScreen.storyboard in Resources */,
				875A6C2F210186A40090FD76 /* Assets.xcassets in Resources */,
				875A6C2D210186A30090FD76 /* Main.storyboard in Resources */,
			);
			runOnlyForDeploymentPostprocessing = 0;
		};
/* End PBXResourcesBuildPhase section */

/* Begin PBXShellScriptBuildPhase section */
		569248383951488FFEF17D7D /* [CP] Embed Pods Frameworks */ = {
			isa = PBXShellScriptBuildPhase;
			buildActionMask = 2147483647;
			files = (
			);
			inputPaths = (
				"${SRCROOT}/Pods/Target Support Files/Pods-TechnologyToShare/Pods-TechnologyToShare-frameworks.sh",
				"${BUILT_PRODUCTS_DIR}/AFNetworking/AFNetworking.framework",
				"${BUILT_PRODUCTS_DIR}/Category/Category.framework",
				"${BUILT_PRODUCTS_DIR}/MJExtension/MJExtension.framework",
				"${BUILT_PRODUCTS_DIR}/MJRefresh/MJRefresh.framework",
				"${BUILT_PRODUCTS_DIR}/Masonry/Masonry.framework",
				"${BUILT_PRODUCTS_DIR}/WMPageController/WMPageController.framework",
				"${BUILT_PRODUCTS_DIR}/YYCache/YYCache.framework",
			);
			name = "[CP] Embed Pods Frameworks";
			outputPaths = (
				"${TARGET_BUILD_DIR}/${FRAMEWORKS_FOLDER_PATH}/AFNetworking.framework",
				"${TARGET_BUILD_DIR}/${FRAMEWORKS_FOLDER_PATH}/Category.framework",
				"${TARGET_BUILD_DIR}/${FRAMEWORKS_FOLDER_PATH}/MJExtension.framework",
				"${TARGET_BUILD_DIR}/${FRAMEWORKS_FOLDER_PATH}/MJRefresh.framework",
				"${TARGET_BUILD_DIR}/${FRAMEWORKS_FOLDER_PATH}/Masonry.framework",
				"${TARGET_BUILD_DIR}/${FRAMEWORKS_FOLDER_PATH}/WMPageController.framework",
				"${TARGET_BUILD_DIR}/${FRAMEWORKS_FOLDER_PATH}/YYCache.framework",
			);
			runOnlyForDeploymentPostprocessing = 0;
			shellPath = /bin/sh;
			shellScript = "\"${SRCROOT}/Pods/Target Support Files/Pods-TechnologyToShare/Pods-TechnologyToShare-frameworks.sh\"\n";
			showEnvVarsInLog = 0;
		};
		96FB24D94D4C26A1D14A5819 /* [CP] Check Pods Manifest.lock */ = {
			isa = PBXShellScriptBuildPhase;
			buildActionMask = 2147483647;
			files = (
			);
			inputPaths = (
				"${PODS_PODFILE_DIR_PATH}/Podfile.lock",
				"${PODS_ROOT}/Manifest.lock",
			);
			name = "[CP] Check Pods Manifest.lock";
			outputPaths = (
				"$(DERIVED_FILE_DIR)/Pods-TechnologyToShare-checkManifestLockResult.txt",
			);
			runOnlyForDeploymentPostprocessing = 0;
			shellPath = /bin/sh;
			shellScript = "diff \"${PODS_PODFILE_DIR_PATH}/Podfile.lock\" \"${PODS_ROOT}/Manifest.lock\" > /dev/null\nif [ $? != 0 ] ; then\n    # print error to STDERR\n    echo \"error: The sandbox is not in sync with the Podfile.lock. Run 'pod install' or update your CocoaPods installation.\" >&2\n    exit 1\nfi\n# This output is used by Xcode 'outputs' to avoid re-running this script phase.\necho \"SUCCESS\" > \"${SCRIPT_OUTPUT_FILE_0}\"\n";
			showEnvVarsInLog = 0;
		};
/* End PBXShellScriptBuildPhase section */

/* Begin PBXSourcesBuildPhase section */
		875A6C1E210186A30090FD76 /* Sources */ = {
			isa = PBXSourcesBuildPhase;
			buildActionMask = 2147483647;
			files = (
				877994B8210581BE00B3A687 /* FirstSearchViewController.m in Sources */,
				875A6C7A210195600090FD76 /* ValidateString.m in Sources */,
				877994AE2105736E00B3A687 /* UIColor+Hex.m in Sources */,
				875A6C2A210186A30090FD76 /* ViewController.m in Sources */,
				877994B22105736E00B3A687 /* UITextView+Placeholder.m in Sources */,
				875A6C60210190CF0090FD76 /* FirstViewController.m in Sources */,
				875A6C882101B3D80090FD76 /* PromtTapImageView.m in Sources */,
				877994B32105736E00B3A687 /* UIBarButtonItem+Badge.m in Sources */,
				875A6C66210190DF0090FD76 /* ThirdViewController.m in Sources */,
				875A6C872101B3D80090FD76 /* TapImageView.m in Sources */,
				877994BB21058B4700B3A687 /* FirstTableViewCell.m in Sources */,
				875A6C4321018F0C0090FD76 /* BaseViewController.m in Sources */,
				877994C12105BF0B00B3A687 /* FirstContentShowViewController.m in Sources */,
				877994AC2105736E00B3A687 /* Static.m in Sources */,
				875A6C63210190D70090FD76 /* SecondViewController.m in Sources */,
				877994B02105736E00B3A687 /* UIButton+Layout.m in Sources */,
				877994AF2105736E00B3A687 /* NSDictionary+Unicode.m in Sources */,
				877994BE2105BE4800B3A687 /* FirstContentViewController.m in Sources */,
				875A6C35210186A40090FD76 /* main.m in Sources */,
				875A6C69210190E80090FD76 /* FourthViewController.m in Sources */,
				875A6C80210195A20090FD76 /* UtilView.m in Sources */,
				877994B12105736E00B3A687 /* DTStatic.m in Sources */,
				875A6C27210186A30090FD76 /* AppDelegate.m in Sources */,
				875A6C6F2101933D0090FD76 /* BaseTabBar.m in Sources */,
				875A6C81210195A20090FD76 /* UtilAutoView.m in Sources */,
				877994AD2105736E00B3A687 /* UIImage+Color.m in Sources */,
				875A6C6C210190F10090FD76 /* FifthViewController.m in Sources */,
				875A6C4021018F000090FD76 /* BaseTabBarViewController.m in Sources */,
			);
			runOnlyForDeploymentPostprocessing = 0;
		};
/* End PBXSourcesBuildPhase section */

/* Begin PBXVariantGroup section */
		875A6C2B210186A30090FD76 /* Main.storyboard */ = {
			isa = PBXVariantGroup;
			children = (
				875A6C2C210186A30090FD76 /* Base */,
			);
			name = Main.storyboard;
			sourceTree = "<group>";
		};
		875A6C30210186A40090FD76 /* LaunchScreen.storyboard */ = {
			isa = PBXVariantGroup;
			children = (
				875A6C31210186A40090FD76 /* Base */,
			);
			name = LaunchScreen.storyboard;
			sourceTree = "<group>";
		};
/* End PBXVariantGroup section */

/* Begin XCBuildConfiguration section */
		875A6C36210186A40090FD76 /* Debug */ = {
			isa = XCBuildConfiguration;
			buildSettings = {
				ALWAYS_SEARCH_USER_PATHS = NO;
				CLANG_ANALYZER_NONNULL = YES;
				CLANG_ANALYZER_NUMBER_OBJECT_CONVERSION = YES_AGGRESSIVE;
				CLANG_CXX_LANGUAGE_STANDARD = "gnu++14";
				CLANG_CXX_LIBRARY = "libc++";
				CLANG_ENABLE_MODULES = YES;
				CLANG_ENABLE_OBJC_ARC = YES;
				CLANG_ENABLE_OBJC_WEAK = YES;
				CLANG_WARN_BLOCK_CAPTURE_AUTORELEASING = YES;
				CLANG_WARN_BOOL_CONVERSION = YES;
				CLANG_WARN_COMMA = YES;
				CLANG_WARN_CONSTANT_CONVERSION = YES;
				CLANG_WARN_DEPRECATED_OBJC_IMPLEMENTATIONS = YES;
				CLANG_WARN_DIRECT_OBJC_ISA_USAGE = YES_ERROR;
				CLANG_WARN_DOCUMENTATION_COMMENTS = YES;
				CLANG_WARN_EMPTY_BODY = YES;
				CLANG_WARN_ENUM_CONVERSION = YES;
				CLANG_WARN_INFINITE_RECURSION = YES;
				CLANG_WARN_INT_CONVERSION = YES;
				CLANG_WARN_NON_LITERAL_NULL_CONVERSION = YES;
				CLANG_WARN_OBJC_IMPLICIT_RETAIN_SELF = YES;
				CLANG_WARN_OBJC_LITERAL_CONVERSION = YES;
				CLANG_WARN_OBJC_ROOT_CLASS = YES_ERROR;
				CLANG_WARN_RANGE_LOOP_ANALYSIS = YES;
				CLANG_WARN_STRICT_PROTOTYPES = YES;
				CLANG_WARN_SUSPICIOUS_MOVE = YES;
				CLANG_WARN_UNGUARDED_AVAILABILITY = YES_AGGRESSIVE;
				CLANG_WARN_UNREACHABLE_CODE = YES;
				CLANG_WARN__DUPLICATE_METHOD_MATCH = YES;
				CODE_SIGN_IDENTITY = "iPhone Developer";
				COPY_PHASE_STRIP = NO;
				DEBUG_INFORMATION_FORMAT = dwarf;
				ENABLE_STRICT_OBJC_MSGSEND = YES;
				ENABLE_TESTABILITY = YES;
				GCC_C_LANGUAGE_STANDARD = gnu11;
				GCC_DYNAMIC_NO_PIC = NO;
				GCC_NO_COMMON_BLOCKS = YES;
				GCC_OPTIMIZATION_LEVEL = 0;
				GCC_PREPROCESSOR_DEFINITIONS = (
					"DEBUG=1",
					"$(inherited)",
				);
				GCC_WARN_64_TO_32_BIT_CONVERSION = YES;
				GCC_WARN_ABOUT_RETURN_TYPE = YES_ERROR;
				GCC_WARN_UNDECLARED_SELECTOR = YES;
				GCC_WARN_UNINITIALIZED_AUTOS = YES_AGGRESSIVE;
				GCC_WARN_UNUSED_FUNCTION = YES;
				GCC_WARN_UNUSED_VARIABLE = YES;
				IPHONEOS_DEPLOYMENT_TARGET = 11.4;
				MTL_ENABLE_DEBUG_INFO = YES;
				ONLY_ACTIVE_ARCH = YES;
				SDKROOT = iphoneos;
			};
			name = Debug;
		};
		875A6C37210186A40090FD76 /* Release */ = {
			isa = XCBuildConfiguration;
			buildSettings = {
				ALWAYS_SEARCH_USER_PATHS = NO;
				CLANG_ANALYZER_NONNULL = YES;
				CLANG_ANALYZER_NUMBER_OBJECT_CONVERSION = YES_AGGRESSIVE;
				CLANG_CXX_LANGUAGE_STANDARD = "gnu++14";
				CLANG_CXX_LIBRARY = "libc++";
				CLANG_ENABLE_MODULES = YES;
				CLANG_ENABLE_OBJC_ARC = YES;
				CLANG_ENABLE_OBJC_WEAK = YES;
				CLANG_WARN_BLOCK_CAPTURE_AUTORELEASING = YES;
				CLANG_WARN_BOOL_CONVERSION = YES;
				CLANG_WARN_COMMA = YES;
				CLANG_WARN_CONSTANT_CONVERSION = YES;
				CLANG_WARN_DEPRECATED_OBJC_IMPLEMENTATIONS = YES;
				CLANG_WARN_DIRECT_OBJC_ISA_USAGE = YES_ERROR;
				CLANG_WARN_DOCUMENTATION_COMMENTS = YES;
				CLANG_WARN_EMPTY_BODY = YES;
				CLANG_WARN_ENUM_CONVERSION = YES;
				CLANG_WARN_INFINITE_RECURSION = YES;
				CLANG_WARN_INT_CONVERSION = YES;
				CLANG_WARN_NON_LITERAL_NULL_CONVERSION = YES;
				CLANG_WARN_OBJC_IMPLICIT_RETAIN_SELF = YES;
				CLANG_WARN_OBJC_LITERAL_CONVERSION = YES;
				CLANG_WARN_OBJC_ROOT_CLASS = YES_ERROR;
				CLANG_WARN_RANGE_LOOP_ANALYSIS = YES;
				CLANG_WARN_STRICT_PROTOTYPES = YES;
				CLANG_WARN_SUSPICIOUS_MOVE = YES;
				CLANG_WARN_UNGUARDED_AVAILABILITY = YES_AGGRESSIVE;
				CLANG_WARN_UNREACHABLE_CODE = YES;
				CLANG_WARN__DUPLICATE_METHOD_MATCH = YES;
				CODE_SIGN_IDENTITY = "iPhone Developer";
				COPY_PHASE_STRIP = NO;
				DEBUG_INFORMATION_FORMAT = "dwarf-with-dsym";
				ENABLE_NS_ASSERTIONS = NO;
				ENABLE_STRICT_OBJC_MSGSEND = YES;
				GCC_C_LANGUAGE_STANDARD = gnu11;
				GCC_NO_COMMON_BLOCKS = YES;
				GCC_WARN_64_TO_32_BIT_CONVERSION = YES;
				GCC_WARN_ABOUT_RETURN_TYPE = YES_ERROR;
				GCC_WARN_UNDECLARED_SELECTOR = YES;
				GCC_WARN_UNINITIALIZED_AUTOS = YES_AGGRESSIVE;
				GCC_WARN_UNUSED_FUNCTION = YES;
				GCC_WARN_UNUSED_VARIABLE = YES;
				IPHONEOS_DEPLOYMENT_TARGET = 11.4;
				MTL_ENABLE_DEBUG_INFO = NO;
				SDKROOT = iphoneos;
				VALIDATE_PRODUCT = YES;
			};
			name = Release;
		};
		875A6C39210186A40090FD76 /* Debug */ = {
			isa = XCBuildConfiguration;
			baseConfigurationReference = 5877D35B3847291BBAAA5320 /* Pods-TechnologyToShare.debug.xcconfig */;
			buildSettings = {
				ASSETCATALOG_COMPILER_APPICON_NAME = AppIcon;
				CODE_SIGN_STYLE = Automatic;
				DEVELOPMENT_TEAM = 33WFRQF5GU;
				GCC_PREFIX_HEADER = TechnologyToShare/Other/TTSPrefixHeader.pch;
				INFOPLIST_FILE = TechnologyToShare/Info.plist;
				IPHONEOS_DEPLOYMENT_TARGET = 8.0;
				LD_RUNPATH_SEARCH_PATHS = (
					"$(inherited)",
					"@executable_path/Frameworks",
				);
				PRODUCT_BUNDLE_IDENTIFIER = com.Dordly.TechnologyToShare;
				PRODUCT_NAME = "$(TARGET_NAME)";
				TARGETED_DEVICE_FAMILY = "1,2";
			};
			name = Debug;
		};
		875A6C3A210186A40090FD76 /* Release */ = {
			isa = XCBuildConfiguration;
			baseConfigurationReference = 472D44C974BCB9318973E986 /* Pods-TechnologyToShare.release.xcconfig */;
			buildSettings = {
				ASSETCATALOG_COMPILER_APPICON_NAME = AppIcon;
				CODE_SIGN_STYLE = Automatic;
				DEVELOPMENT_TEAM = 33WFRQF5GU;
				GCC_PREFIX_HEADER = TechnologyToShare/Other/TTSPrefixHeader.pch;
				INFOPLIST_FILE = TechnologyToShare/Info.plist;
				IPHONEOS_DEPLOYMENT_TARGET = 8.0;
				LD_RUNPATH_SEARCH_PATHS = (
					"$(inherited)",
					"@executable_path/Frameworks",
				);
				PRODUCT_BUNDLE_IDENTIFIER = com.Dordly.TechnologyToShare;
				PRODUCT_NAME = "$(TARGET_NAME)";
				TARGETED_DEVICE_FAMILY = "1,2";
			};
			name = Release;
		};
/* End XCBuildConfiguration section */

/* Begin XCConfigurationList section */
		875A6C1D210186A30090FD76 /* Build configuration list for PBXProject "TechnologyToShare" */ = {
			isa = XCConfigurationList;
			buildConfigurations = (
				875A6C36210186A40090FD76 /* Debug */,
				875A6C37210186A40090FD76 /* Release */,
			);
			defaultConfigurationIsVisible = 0;
			defaultConfigurationName = Release;
		};
		875A6C38210186A40090FD76 /* Build configuration list for PBXNativeTarget "TechnologyToShare" */ = {
			isa = XCConfigurationList;
			buildConfigurations = (
				875A6C39210186A40090FD76 /* Debug */,
				875A6C3A210186A40090FD76 /* Release */,
			);
			defaultConfigurationIsVisible = 0;
			defaultConfigurationName = Release;
		};
/* End XCConfigurationList section */
	};
	rootObject = 875A6C1A210186A30090FD76 /* Project object */;
}
