PODS:
  - AFNetworking (3.1.0):
    - AFNetworking/NSURLSession (= 3.1.0)
    - AFNetworking/Reachability (= 3.1.0)
    - AFNetworking/Security (= 3.1.0)
    - AFNetworking/Serialization (= 3.1.0)
    - AFNetworking/UIKit (= 3.1.0)
  - AFNetworking/NSURLSession (3.1.0):
    - AFNetworking/Reachability
    - AFNetworking/Security
    - AFNetworking/Serialization
  - AFNetworking/Reachability (3.1.0)
  - AFNetworking/Security (3.1.0)
  - AFNetworking/Serialization (3.1.0)
  - AFNetworking/UIKit (3.1.0):
    - AFNetworking/NSURLSession
  - Category (0.0.3)
  - Masonry (1.1.0)
  - MJExtension (3.0.13)
  - MJRefresh (3.1.15.3)
  - WMPageController (2.5.2)
  - YYCache (1.0.4)

DEPENDENCIES:
  - AFNetworking
  - Category
  - Masonry
  - MJExtension
  - MJRefresh
  - WMPageController
  - YYCache

SPEC REPOS:
  https://github.com/cocoapods/specs.git:
    - AFNetworking
    - Category
    - Masonry
    - MJExtension
    - MJRefresh
    - WMPageController
    - YYCache

SPEC CHECKSUMS:
  AFNetworking: 5e0e199f73d8626b11e79750991f5d173d1f8b67
  Category: b30ab3bc89d2823702114bedd805846925d81e3c
  Masonry: 678fab65091a9290e40e2832a55e7ab731aad201
  MJExtension: 5932755f451458eefa24239358817f8d291240c7
  MJRefresh: b48380ae2b927b46c4ef000de9adb8dc748e1df7
  WMPageController: 0c7624d2b48e4f1ab92371688cf6744ed701575d
  YYCache: 8105b6638f5e849296c71f331ff83891a4942952

PODFILE CHECKSUM: 162cdcdb6e65f8cfdecb84c6d9c61f1565763626

COCOAPODS: 1.5.3
